
Microsoft Visual Studio Solution File, Format Version 12.00
# Visual Studio 14
VisualStudioVersion = 14.0.25420.1
MinimumVisualStudioVersion = 10.0.40219.1
Project("{2150E333-8FDC-42A3-9474-1A3956D46DE8}") = "Task1.CodeAnalize.Roslyn", "Task1.CodeAnalize.Roslyn", "{58DA0EBE-7389-4DDA-B623-B28CA6A54BA8}"
EndProject
Project("{FAE04EC0-301F-11D3-BF4B-00C04F79EFBC}") = "ControllerAnalyzer", "ControllerAnalyzer\ControllerAnalyzer\ControllerAnalyzer.csproj", "{90C1AEC3-0DE5-48BF-9FBC-C0FE59A02271}"
EndProject
Project("{FAE04EC0-301F-11D3-BF4B-00C04F79EFBC}") = "ControllerAnalyzer.Vsix", "ControllerAnalyzer\ControllerAnalyzer.Vsix\ControllerAnalyzer.Vsix.csproj", "{E2A89FCC-13FB-4710-8D45-9E8143C518E1}"
EndProject
Project("{FAE04EC0-301F-11D3-BF4B-00C04F79EFBC}") = "TestProject", "TestProject\TestProject.csproj", "{CE62F35A-1A50-42D9-9DB8-5357DA6B5D7A}"
EndProject
Project("{2150E333-8FDC-42A3-9474-1A3956D46DE8}") = "Task2.Nuget", "Task2.Nuget", "{F95BABF3-0286-42D0-BEFB-80E82AE9A974}"
EndProject
Project("{FAE04EC0-301F-11D3-BF4B-00C04F79EFBC}") = "Task2.NugetPackage", "Task2.NugetPackage\Task2.NugetPackage.csproj", "{DE438C53-4465-46BC-BB1B-50C179555A49}"
EndProject
Project("{FAE04EC0-301F-11D3-BF4B-00C04F79EFBC}") = "NugetServerLocalFeed", "NugetServerLocalFeed\NugetServerLocalFeed.csproj", "{CFDCD0DD-6D9C-41AC-82A0-2DBFCEB68041}"
EndProject
Project("{FAE04EC0-301F-11D3-BF4B-00C04F79EFBC}") = "Task2.NugetPackage.Console.Test", "Task2.NugetPackage.Console.Test\Task2.NugetPackage.Console.Test.csproj", "{EE3F42BE-4F1B-4012-B3E6-5F17D4CAE392}"
EndProject
Global
	GlobalSection(SolutionConfigurationPlatforms) = preSolution
		Debug|Any CPU = Debug|Any CPU
		Release|Any CPU = Release|Any CPU
	EndGlobalSection
	GlobalSection(ProjectConfigurationPlatforms) = postSolution
		{90C1AEC3-0DE5-48BF-9FBC-C0FE59A02271}.Debug|Any CPU.ActiveCfg = Debug|Any CPU
		{90C1AEC3-0DE5-48BF-9FBC-C0FE59A02271}.Debug|Any CPU.Build.0 = Debug|Any CPU
		{90C1AEC3-0DE5-48BF-9FBC-C0FE59A02271}.Release|Any CPU.ActiveCfg = Release|Any CPU
		{90C1AEC3-0DE5-48BF-9FBC-C0FE59A02271}.Release|Any CPU.Build.0 = Release|Any CPU
		{E2A89FCC-13FB-4710-8D45-9E8143C518E1}.Debug|Any CPU.ActiveCfg = Debug|Any CPU
		{E2A89FCC-13FB-4710-8D45-9E8143C518E1}.Debug|Any CPU.Build.0 = Debug|Any CPU
		{E2A89FCC-13FB-4710-8D45-9E8143C518E1}.Release|Any CPU.ActiveCfg = Release|Any CPU
		{E2A89FCC-13FB-4710-8D45-9E8143C518E1}.Release|Any CPU.Build.0 = Release|Any CPU
		{CE62F35A-1A50-42D9-9DB8-5357DA6B5D7A}.Debug|Any CPU.ActiveCfg = Debug|Any CPU
		{CE62F35A-1A50-42D9-9DB8-5357DA6B5D7A}.Debug|Any CPU.Build.0 = Debug|Any CPU
		{CE62F35A-1A50-42D9-9DB8-5357DA6B5D7A}.Release|Any CPU.ActiveCfg = Release|Any CPU
		{CE62F35A-1A50-42D9-9DB8-5357DA6B5D7A}.Release|Any CPU.Build.0 = Release|Any CPU
		{DE438C53-4465-46BC-BB1B-50C179555A49}.Debug|Any CPU.ActiveCfg = Debug|Any CPU
		{DE438C53-4465-46BC-BB1B-50C179555A49}.Debug|Any CPU.Build.0 = Debug|Any CPU
		{DE438C53-4465-46BC-BB1B-50C179555A49}.Release|Any CPU.ActiveCfg = Release|Any CPU
		{DE438C53-4465-46BC-BB1B-50C179555A49}.Release|Any CPU.Build.0 = Release|Any CPU
		{CFDCD0DD-6D9C-41AC-82A0-2DBFCEB68041}.Debug|Any CPU.ActiveCfg = Debug|Any CPU
		{CFDCD0DD-6D9C-41AC-82A0-2DBFCEB68041}.Debug|Any CPU.Build.0 = Debug|Any CPU
		{CFDCD0DD-6D9C-41AC-82A0-2DBFCEB68041}.Release|Any CPU.ActiveCfg = Release|Any CPU
		{CFDCD0DD-6D9C-41AC-82A0-2DBFCEB68041}.Release|Any CPU.Build.0 = Release|Any CPU
		{EE3F42BE-4F1B-4012-B3E6-5F17D4CAE392}.Debug|Any CPU.ActiveCfg = Debug|Any CPU
		{EE3F42BE-4F1B-4012-B3E6-5F17D4CAE392}.Debug|Any CPU.Build.0 = Debug|Any CPU
		{EE3F42BE-4F1B-4012-B3E6-5F17D4CAE392}.Release|Any CPU.ActiveCfg = Release|Any CPU
		{EE3F42BE-4F1B-4012-B3E6-5F17D4CAE392}.Release|Any CPU.Build.0 = Release|Any CPU
	EndGlobalSection
	GlobalSection(SolutionProperties) = preSolution
		HideSolutionNode = FALSE
	EndGlobalSection
	GlobalSection(NestedProjects) = preSolution
		{90C1AEC3-0DE5-48BF-9FBC-C0FE59A02271} = {58DA0EBE-7389-4DDA-B623-B28CA6A54BA8}
		{E2A89FCC-13FB-4710-8D45-9E8143C518E1} = {58DA0EBE-7389-4DDA-B623-B28CA6A54BA8}
		{CE62F35A-1A50-42D9-9DB8-5357DA6B5D7A} = {58DA0EBE-7389-4DDA-B623-B28CA6A54BA8}
		{DE438C53-4465-46BC-BB1B-50C179555A49} = {F95BABF3-0286-42D0-BEFB-80E82AE9A974}
		{CFDCD0DD-6D9C-41AC-82A0-2DBFCEB68041} = {F95BABF3-0286-42D0-BEFB-80E82AE9A974}
		{EE3F42BE-4F1B-4012-B3E6-5F17D4CAE392} = {F95BABF3-0286-42D0-BEFB-80E82AE9A974}
	EndGlobalSection
EndGlobal
